
Microsoft Visual Studio Solution File, Format Version 12.00
# Visual Studio Version 17
VisualStudioVersion = 17.10.35122.118
MinimumVisualStudioVersion = 10.0.40219.1
Project("{9A19103F-16F7-4668-BE54-9A1E7A4F7556}") = "Application.WebApi", "WebApi\Application.WebApi.csproj", "{9DC5374A-9E80-4E8B-8E46-2E516AF590C5}"
EndProject
Project("{9A19103F-16F7-4668-BE54-9A1E7A4F7556}") = "Common", "Common\Common.csproj", "{D6B2A478-A23D-4283-9E8E-607AF2533DB4}"
EndProject
Project("{9A19103F-16F7-4668-BE54-9A1E7A4F7556}") = "PersistenceLayer.DataAccess", "DataAccessLayer\PersistenceLayer.DataAccess.csproj", "{6B967307-B19B-4927-A2B9-2BA57A3732CA}"
EndProject
Project("{9A19103F-16F7-4668-BE54-9A1E7A4F7556}") = "DomainLayer.BusinessLogic", "BusinessLogic\DomainLayer.BusinessLogic.csproj", "{BC8A3D17-C79B-4A5E-B945-4C52AC693113}"
EndProject
Project("{2150E333-8FDC-42A3-9474-1A3956D46DE8}") = ".codestyle", ".codestyle", "{EA35C43E-2304-42E7-86D6-91A5E1E9F388}"
	ProjectSection(SolutionItems) = preProject
		stylecop.json = stylecop.json
	EndProjectSection
EndProject
Global
	GlobalSection(SolutionConfigurationPlatforms) = preSolution
		Debug|Any CPU = Debug|Any CPU
		Release|Any CPU = Release|Any CPU
	EndGlobalSection
	GlobalSection(ProjectConfigurationPlatforms) = postSolution
		{9DC5374A-9E80-4E8B-8E46-2E516AF590C5}.Debug|Any CPU.ActiveCfg = Debug|Any CPU
		{9DC5374A-9E80-4E8B-8E46-2E516AF590C5}.Debug|Any CPU.Build.0 = Debug|Any CPU
		{9DC5374A-9E80-4E8B-8E46-2E516AF590C5}.Release|Any CPU.ActiveCfg = Release|Any CPU
		{9DC5374A-9E80-4E8B-8E46-2E516AF590C5}.Release|Any CPU.Build.0 = Release|Any CPU
		{D6B2A478-A23D-4283-9E8E-607AF2533DB4}.Debug|Any CPU.ActiveCfg = Debug|Any CPU
		{D6B2A478-A23D-4283-9E8E-607AF2533DB4}.Debug|Any CPU.Build.0 = Debug|Any CPU
		{D6B2A478-A23D-4283-9E8E-607AF2533DB4}.Release|Any CPU.ActiveCfg = Release|Any CPU
		{D6B2A478-A23D-4283-9E8E-607AF2533DB4}.Release|Any CPU.Build.0 = Release|Any CPU
		{6B967307-B19B-4927-A2B9-2BA57A3732CA}.Debug|Any CPU.ActiveCfg = Debug|Any CPU
		{6B967307-B19B-4927-A2B9-2BA57A3732CA}.Debug|Any CPU.Build.0 = Debug|Any CPU
		{6B967307-B19B-4927-A2B9-2BA57A3732CA}.Release|Any CPU.ActiveCfg = Release|Any CPU
		{6B967307-B19B-4927-A2B9-2BA57A3732CA}.Release|Any CPU.Build.0 = Release|Any CPU
		{BC8A3D17-C79B-4A5E-B945-4C52AC693113}.Debug|Any CPU.ActiveCfg = Debug|Any CPU
		{BC8A3D17-C79B-4A5E-B945-4C52AC693113}.Debug|Any CPU.Build.0 = Debug|Any CPU
		{BC8A3D17-C79B-4A5E-B945-4C52AC693113}.Release|Any CPU.ActiveCfg = Release|Any CPU
		{BC8A3D17-C79B-4A5E-B945-4C52AC693113}.Release|Any CPU.Build.0 = Release|Any CPU
	EndGlobalSection
	GlobalSection(SolutionProperties) = preSolution
		HideSolutionNode = FALSE
	EndGlobalSection
	GlobalSection(ExtensibilityGlobals) = postSolution
		SolutionGuid = {4F0157E2-C4B4-42A8-BAD3-B6AA70CE60DB}
	EndGlobalSection
EndGlobal
